
Microsoft Visual Studio Solution File, Format Version 12.00
# Visual Studio 15
VisualStudioVersion = 15.0.27703.2035
MinimumVisualStudioVersion = 10.0.40219.1
Project("{FAE04EC0-301F-11D3-BF4B-00C04F79EFBC}") = "PooVueling", "PooVueling\PooVueling.csproj", "{08D4C514-EDDC-4856-9169-26DF964A76C3}"
EndProject
Project("{FAE04EC0-301F-11D3-BF4B-00C04F79EFBC}") = "PooVueling.Integration.Tests", "PooVueling.Integration.Tests1\PooVueling.Integration.Tests.csproj", "{B37948DB-99FE-4851-BD41-DBAF4AA20C1D}"
EndProject
Project("{FAE04EC0-301F-11D3-BF4B-00C04F79EFBC}") = "PooVueling.Unit.Tests", "PooVueling.Unit.Tests\PooVueling.Unit.Tests.csproj", "{A8C7A24C-FAD9-4E23-AFD6-2BABF6D55780}"
EndProject
Global
	GlobalSection(SolutionConfigurationPlatforms) = preSolution
		Debug|Any CPU = Debug|Any CPU
		Release|Any CPU = Release|Any CPU
	EndGlobalSection
	GlobalSection(ProjectConfigurationPlatforms) = postSolution
		{08D4C514-EDDC-4856-9169-26DF964A76C3}.Debug|Any CPU.ActiveCfg = Debug|Any CPU
		{08D4C514-EDDC-4856-9169-26DF964A76C3}.Debug|Any CPU.Build.0 = Debug|Any CPU
		{08D4C514-EDDC-4856-9169-26DF964A76C3}.Release|Any CPU.ActiveCfg = Release|Any CPU
		{08D4C514-EDDC-4856-9169-26DF964A76C3}.Release|Any CPU.Build.0 = Release|Any CPU
		{B37948DB-99FE-4851-BD41-DBAF4AA20C1D}.Debug|Any CPU.ActiveCfg = Debug|Any CPU
		{B37948DB-99FE-4851-BD41-DBAF4AA20C1D}.Debug|Any CPU.Build.0 = Debug|Any CPU
		{B37948DB-99FE-4851-BD41-DBAF4AA20C1D}.Release|Any CPU.ActiveCfg = Release|Any CPU
		{B37948DB-99FE-4851-BD41-DBAF4AA20C1D}.Release|Any CPU.Build.0 = Release|Any CPU
		{A8C7A24C-FAD9-4E23-AFD6-2BABF6D55780}.Debug|Any CPU.ActiveCfg = Debug|Any CPU
		{A8C7A24C-FAD9-4E23-AFD6-2BABF6D55780}.Debug|Any CPU.Build.0 = Debug|Any CPU
		{A8C7A24C-FAD9-4E23-AFD6-2BABF6D55780}.Release|Any CPU.ActiveCfg = Release|Any CPU
		{A8C7A24C-FAD9-4E23-AFD6-2BABF6D55780}.Release|Any CPU.Build.0 = Release|Any CPU
	EndGlobalSection
	GlobalSection(SolutionProperties) = preSolution
		HideSolutionNode = FALSE
	EndGlobalSection
	GlobalSection(ExtensibilityGlobals) = postSolution
		SolutionGuid = {BBAE741D-6075-448C-92CC-435FEE686460}
	EndGlobalSection
EndGlobal
